
Microsoft Visual Studio Solution File, Format Version 12.00
# Visual Studio Version 17
VisualStudioVersion = 17.5.33516.290
MinimumVisualStudioVersion = 10.0.40219.1
Project("{FAE04EC0-301F-11D3-BF4B-00C04F79EFBC}") = "C#Jala", "C#Jala\C#Jala.csproj", "{FCC28B01-C8BE-4FDD-9CB1-C7A9CB2E48C6}"
EndProject
Global
	GlobalSection(SolutionConfigurationPlatforms) = preSolution
		Debug|Any CPU = Debug|Any CPU
		Release|Any CPU = Release|Any CPU
	EndGlobalSection
	GlobalSection(ProjectConfigurationPlatforms) = postSolution
		{FCC28B01-C8BE-4FDD-9CB1-C7A9CB2E48C6}.Debug|Any CPU.ActiveCfg = Debug|Any CPU
		{FCC28B01-C8BE-4FDD-9CB1-C7A9CB2E48C6}.Debug|Any CPU.Build.0 = Debug|Any CPU
		{FCC28B01-C8BE-4FDD-9CB1-C7A9CB2E48C6}.Release|Any CPU.ActiveCfg = Release|Any CPU
		{FCC28B01-C8BE-4FDD-9CB1-C7A9CB2E48C6}.Release|Any CPU.Build.0 = Release|Any CPU
	EndGlobalSection
	GlobalSection(SolutionProperties) = preSolution
		HideSolutionNode = FALSE
	EndGlobalSection
	GlobalSection(ExtensibilityGlobals) = postSolution
		SolutionGuid = {8954A643-2F57-4376-87B5-913D93102BD9}
	EndGlobalSection
EndGlobal
